
Microsoft Visual Studio Solution File, Format Version 12.00
# Visual Studio 14
VisualStudioVersion = 14.0.25420.1
MinimumVisualStudioVersion = 10.0.40219.1
Project("{159641D6-6404-4A2A-AE62-294DE0FE8301}") = "Integration Services Project1", "Integration Services Project1\Integration Services Project1.dtproj", "{93B272D5-BA6F-4C1B-BFBE-B3B247FE2B1D}"
EndProject
Project("{2150E333-8FDC-42A3-9474-1A3956D46DE8}") = "NewFolder1", "NewFolder1", "{A8D45E82-4D0C-41A5-BED4-6DB28D0FF67B}"
	ProjectSection(SolutionItems) = preProject
		..\..\..\..\OneDrive - University of Denver\INFO 4200\AtkinsCapstoneSelectionSummer17.xlsx = ..\..\..\..\OneDrive - University of Denver\INFO 4200\AtkinsCapstoneSelectionSummer17.xlsx
	EndProjectSection
EndProject
Global
	GlobalSection(SolutionConfigurationPlatforms) = preSolution
		Development|Default = Development|Default
	EndGlobalSection
	GlobalSection(ProjectConfigurationPlatforms) = postSolution
		{93B272D5-BA6F-4C1B-BFBE-B3B247FE2B1D}.Development|Default.ActiveCfg = Development
		{93B272D5-BA6F-4C1B-BFBE-B3B247FE2B1D}.Development|Default.Build.0 = Development
	EndGlobalSection
	GlobalSection(SolutionProperties) = preSolution
		HideSolutionNode = FALSE
	EndGlobalSection
EndGlobal
